PODS:
  - Alamofire (5.2.0)
  - Kingfisher (5.14.0):
    - Kingfisher/Core (= 5.14.0)
  - Kingfisher/Core (5.14.0)
  - Moya (14.0.0):
    - Moya/Core (= 14.0.0)
  - Moya/Core (14.0.0):
    - Alamofire (~> 5.0)
  - RxCocoa (5.1.1):
    - RxRelay (~> 5)
    - RxSwift (~> 5)
  - RxRelay (5.1.1):
    - RxSwift (~> 5)
  - RxSwift (5.1.1)
  - youtube-ios-player-helper (0.1.6)

DEPENDENCIES:
  - Kingfisher (~> 5.0)
  - Moya (~> 14.0)
  - RxCocoa (~> 5)
  - RxSwift (~> 5)
  - youtube-ios-player-helper (~> 0.1.4)

SPEC REPOS:
  trunk:
    - Alamofire
    - Kingfisher
    - Moya
    - RxCocoa
    - RxRelay
    - RxSwift
    - youtube-ios-player-helper

SPEC CHECKSUMS:
  Alamofire: c1ca147559e730bfb2182c8c7aafbdd90a867987
  Kingfisher: 7b64389a43139c903ec434788344c288217c792d
  Moya: 5b45dacb75adb009f97fde91c204c1e565d31916
  RxCocoa: 32065309a38d29b5b0db858819b5bf9ef038b601
  RxRelay: d77f7d771495f43c556cbc43eebd1bb54d01e8e9
  RxSwift: 81470a2074fa8780320ea5fe4102807cb7118178
  youtube-ios-player-helper: 21ab92db027c7ff86cb17a3843a3f6eafc8158d2

PODFILE CHECKSUM: 541a9d85159b847bcde8f566a8dd2e74d87b6d45

COCOAPODS: 1.9.1
